// !$*UTF8*$!
{
	archiveVersion = 1;
	classes = {
	};
	objectVersion = 50;
	objects = {

/* Begin PBXBuildFile section */
		8D6F92932609C52B00393935 /* AstronautDetailViewModel.swift in Sources */ = {isa = PBXBuildFile; fileRef = 8D6F92922609C52B00393935 /* AstronautDetailViewModel.swift */; };
		8D6F92B02609F14500393935 /* CustomErrors.swift in Sources */ = {isa = PBXBuildFile; fileRef = 8D6F92AF2609F14500393935 /* CustomErrors.swift */; };
		8D72D03326081DC70069BAE0 /* AppDelegate.swift in Sources */ = {isa = PBXBuildFile; fileRef = 8D72D03226081DC70069BAE0 /* AppDelegate.swift */; };
		8D72D03526081DC70069BAE0 /* SceneDelegate.swift in Sources */ = {isa = PBXBuildFile; fileRef = 8D72D03426081DC70069BAE0 /* SceneDelegate.swift */; };
		8D72D03C26081DCA0069BAE0 /* Assets.xcassets in Resources */ = {isa = PBXBuildFile; fileRef = 8D72D03B26081DCA0069BAE0 /* Assets.xcassets */; };
		8D72D03F26081DCA0069BAE0 /* LaunchScreen.storyboard in Resources */ = {isa = PBXBuildFile; fileRef = 8D72D03D26081DCA0069BAE0 /* LaunchScreen.storyboard */; };
		8D72D04A26081DCB0069BAE0 /* AstronautTests.swift in Sources */ = {isa = PBXBuildFile; fileRef = 8D72D04926081DCB0069BAE0 /* AstronautTests.swift */; };
		8D72D05526081DCB0069BAE0 /* AstronautUITests.swift in Sources */ = {isa = PBXBuildFile; fileRef = 8D72D05426081DCB0069BAE0 /* AstronautUITests.swift */; };
		8D72D06626081F9F0069BAE0 /* HomeScreens.storyboard in Resources */ = {isa = PBXBuildFile; fileRef = 8D72D06526081F9F0069BAE0 /* HomeScreens.storyboard */; };
		8D72D0712608A4B40069BAE0 /* AstronaustsListTableViewController.swift in Sources */ = {isa = PBXBuildFile; fileRef = 8D72D0702608A4B40069BAE0 /* AstronaustsListTableViewController.swift */; };
		8D72D0762608A5360069BAE0 /* AstronautDetailViewController.swift in Sources */ = {isa = PBXBuildFile; fileRef = 8D72D0752608A5360069BAE0 /* AstronautDetailViewController.swift */; };
		8D72D07B2608A5E10069BAE0 /* AstronautTableViewCell.swift in Sources */ = {isa = PBXBuildFile; fileRef = 8D72D07A2608A5E10069BAE0 /* AstronautTableViewCell.swift */; };
		8D72D0802608A87B0069BAE0 /* AstronautViewModel.swift in Sources */ = {isa = PBXBuildFile; fileRef = 8D72D07F2608A87B0069BAE0 /* AstronautViewModel.swift */; };
		8D72D0872608A90A0069BAE0 /* Strings.swift in Sources */ = {isa = PBXBuildFile; fileRef = 8D72D0852608A90A0069BAE0 /* Strings.swift */; };
		8D72D0982608A96B0069BAE0 /* ActivityIndicators.swift in Sources */ = {isa = PBXBuildFile; fileRef = 8D72D0972608A96B0069BAE0 /* ActivityIndicators.swift */; };
		8D72D0A42608AA050069BAE0 /* APIService.swift in Sources */ = {isa = PBXBuildFile; fileRef = 8D72D0A32608AA050069BAE0 /* APIService.swift */; };
		8D72D0AA2608AB720069BAE0 /* Astronaut.swift in Sources */ = {isa = PBXBuildFile; fileRef = 8D72D0A92608AB720069BAE0 /* Astronaut.swift */; };
/* End PBXBuildFile section */

/* Begin PBXContainerItemProxy section */
		8D72D04626081DCB0069BAE0 /* PBXContainerItemProxy */ = {
			isa = PBXContainerItemProxy;
			containerPortal = 8D72D02726081DC70069BAE0 /* Project object */;
			proxyType = 1;
			remoteGlobalIDString = 8D72D02E26081DC70069BAE0;
			remoteInfo = Astronaut;
		};
		8D72D05126081DCB0069BAE0 /* PBXContainerItemProxy */ = {
			isa = PBXContainerItemProxy;
			containerPortal = 8D72D02726081DC70069BAE0 /* Project object */;
			proxyType = 1;
			remoteGlobalIDString = 8D72D02E26081DC70069BAE0;
			remoteInfo = Astronaut;
		};
/* End PBXContainerItemProxy section */

/* Begin PBXFileReference section */
		8D6F92922609C52B00393935 /* AstronautDetailViewModel.swift */ = {isa = PBXFileReference; lastKnownFileType = sourcecode.swift; path = AstronautDetailViewModel.swift; sourceTree = "<group>"; };
		8D6F92AF2609F14500393935 /* CustomErrors.swift */ = {isa = PBXFileReference; lastKnownFileType = sourcecode.swift; path = CustomErrors.swift; sourceTree = "<group>"; };
		8D72D02F26081DC70069BAE0 /* Astronaut.app */ = {isa = PBXFileReference; explicitFileType = wrapper.application; includeInIndex = 0; path = Astronaut.app; sourceTree = BUILT_PRODUCTS_DIR; };
		8D72D03226081DC70069BAE0 /* AppDelegate.swift */ = {isa = PBXFileReference; lastKnownFileType = sourcecode.swift; path = AppDelegate.swift; sourceTree = "<group>"; };
		8D72D03426081DC70069BAE0 /* SceneDelegate.swift */ = {isa = PBXFileReference; lastKnownFileType = sourcecode.swift; path = SceneDelegate.swift; sourceTree = "<group>"; };
		8D72D03B26081DCA0069BAE0 /* Assets.xcassets */ = {isa = PBXFileReference; lastKnownFileType = folder.assetcatalog; path = Assets.xcassets; sourceTree = "<group>"; };
		8D72D03E26081DCA0069BAE0 /* Base */ = {isa = PBXFileReference; lastKnownFileType = file.storyboard; name = Base; path = Base.lproj/LaunchScreen.storyboard; sourceTree = "<group>"; };
		8D72D04026081DCA0069BAE0 /* Info.plist */ = {isa = PBXFileReference; lastKnownFileType = text.plist.xml; path = Info.plist; sourceTree = "<group>"; };
		8D72D04526081DCB0069BAE0 /* AstronautTests.xctest */ = {isa = PBXFileReference; explicitFileType = wrapper.cfbundle; includeInIndex = 0; path = AstronautTests.xctest; sourceTree = BUILT_PRODUCTS_DIR; };
		8D72D04926081DCB0069BAE0 /* AstronautTests.swift */ = {isa = PBXFileReference; lastKnownFileType = sourcecode.swift; path = AstronautTests.swift; sourceTree = "<group>"; };
		8D72D04B26081DCB0069BAE0 /* Info.plist */ = {isa = PBXFileReference; lastKnownFileType = text.plist.xml; path = Info.plist; sourceTree = "<group>"; };
		8D72D05026081DCB0069BAE0 /* AstronautUITests.xctest */ = {isa = PBXFileReference; explicitFileType = wrapper.cfbundle; includeInIndex = 0; path = AstronautUITests.xctest; sourceTree = BUILT_PRODUCTS_DIR; };
		8D72D05426081DCB0069BAE0 /* AstronautUITests.swift */ = {isa = PBXFileReference; lastKnownFileType = sourcecode.swift; path = AstronautUITests.swift; sourceTree = "<group>"; };
		8D72D05626081DCB0069BAE0 /* Info.plist */ = {isa = PBXFileReference; lastKnownFileType = text.plist.xml; path = Info.plist; sourceTree = "<group>"; };
		8D72D06526081F9F0069BAE0 /* HomeScreens.storyboard */ = {isa = PBXFileReference; lastKnownFileType = file.storyboard; path = HomeScreens.storyboard; sourceTree = "<group>"; };
		8D72D0702608A4B40069BAE0 /* AstronaustsListTableViewController.swift */ = {isa = PBXFileReference; lastKnownFileType = sourcecode.swift; path = AstronaustsListTableViewController.swift; sourceTree = "<group>"; };
		8D72D0752608A5360069BAE0 /* AstronautDetailViewController.swift */ = {isa = PBXFileReference; lastKnownFileType = sourcecode.swift; path = AstronautDetailViewController.swift; sourceTree = "<group>"; };
		8D72D07A2608A5E10069BAE0 /* AstronautTableViewCell.swift */ = {isa = PBXFileReference; lastKnownFileType = sourcecode.swift; path = AstronautTableViewCell.swift; sourceTree = "<group>"; };
		8D72D07F2608A87B0069BAE0 /* AstronautViewModel.swift */ = {isa = PBXFileReference; lastKnownFileType = sourcecode.swift; path = AstronautViewModel.swift; sourceTree = "<group>"; };
		8D72D0852608A90A0069BAE0 /* Strings.swift */ = {isa = PBXFileReference; fileEncoding = 4; lastKnownFileType = sourcecode.swift; path = Strings.swift; sourceTree = "<group>"; };
		8D72D0972608A96B0069BAE0 /* ActivityIndicators.swift */ = {isa = PBXFileReference; fileEncoding = 4; lastKnownFileType = sourcecode.swift; path = ActivityIndicators.swift; sourceTree = "<group>"; };
		8D72D0A32608AA050069BAE0 /* APIService.swift */ = {isa = PBXFileReference; lastKnownFileType = sourcecode.swift; path = APIService.swift; sourceTree = "<group>"; };
		8D72D0A92608AB720069BAE0 /* Astronaut.swift */ = {isa = PBXFileReference; lastKnownFileType = sourcecode.swift; path = Astronaut.swift; sourceTree = "<group>"; };
/* End PBXFileReference section */

/* Begin PBXFrameworksBuildPhase section */
		8D72D02C26081DC70069BAE0 /* Frameworks */ = {
			isa = PBXFrameworksBuildPhase;
			buildActionMask = 2147483647;
			files = (
			);
			runOnlyForDeploymentPostprocessing = 0;
		};
		8D72D04226081DCB0069BAE0 /* Frameworks */ = {
			isa = PBXFrameworksBuildPhase;
			buildActionMask = 2147483647;
			files = (
			);
			runOnlyForDeploymentPostprocessing = 0;
		};
		8D72D04D26081DCB0069BAE0 /* Frameworks */ = {
			isa = PBXFrameworksBuildPhase;
			buildActionMask = 2147483647;
			files = (
			);
			runOnlyForDeploymentPostprocessing = 0;
		};
/* End PBXFrameworksBuildPhase section */

/* Begin PBXGroup section */
		8D6F92BA2609FD4400393935 /* ViewControllers */ = {
			isa = PBXGroup;
			children = (
				8D72D0702608A4B40069BAE0 /* AstronaustsListTableViewController.swift */,
				8D72D0752608A5360069BAE0 /* AstronautDetailViewController.swift */,
			);
			path = ViewControllers;
			sourceTree = "<group>";
		};
		8D6F92BB2609FD5600393935 /* ViewModels */ = {
			isa = PBXGroup;
			children = (
				8D6F92922609C52B00393935 /* AstronautDetailViewModel.swift */,
				8D72D07F2608A87B0069BAE0 /* AstronautViewModel.swift */,
			);
			path = ViewModels;
			sourceTree = "<group>";
		};
		8D6F92BC2609FD6600393935 /* Storyboards */ = {
			isa = PBXGroup;
			children = (
				8D72D03D26081DCA0069BAE0 /* LaunchScreen.storyboard */,
				8D72D06526081F9F0069BAE0 /* HomeScreens.storyboard */,
			);
			path = Storyboards;
			sourceTree = "<group>";
		};
		8D6F92C02609FDA200393935 /* Views */ = {
			isa = PBXGroup;
			children = (
				8D72D07A2608A5E10069BAE0 /* AstronautTableViewCell.swift */,
			);
			path = Views;
			sourceTree = "<group>";
		};
		8D72D02626081DC70069BAE0 = {
			isa = PBXGroup;
			children = (
				8D72D03126081DC70069BAE0 /* Astronaut */,
				8D72D04826081DCB0069BAE0 /* AstronautTests */,
				8D72D05326081DCB0069BAE0 /* AstronautUITests */,
				8D72D03026081DC70069BAE0 /* Products */,
			);
			sourceTree = "<group>";
		};
		8D72D03026081DC70069BAE0 /* Products */ = {
			isa = PBXGroup;
			children = (
				8D72D02F26081DC70069BAE0 /* Astronaut.app */,
				8D72D04526081DCB0069BAE0 /* AstronautTests.xctest */,
				8D72D05026081DCB0069BAE0 /* AstronautUITests.xctest */,
			);
			name = Products;
			sourceTree = "<group>";
		};
		8D72D03126081DC70069BAE0 /* Astronaut */ = {
			isa = PBXGroup;
			children = (
				8D6F92C02609FDA200393935 /* Views */,
				8D6F92BC2609FD6600393935 /* Storyboards */,
				8D6F92BB2609FD5600393935 /* ViewModels */,
				8D6F92BA2609FD4400393935 /* ViewControllers */,
				8D72D0A82608AB610069BAE0 /* Objects */,
				8D72D0A22608A9EE0069BAE0 /* Supporting Classes */,
				8D72D08C2608A94F0069BAE0 /* Helpers */,
				8D72D03226081DC70069BAE0 /* AppDelegate.swift */,
				8D72D03426081DC70069BAE0 /* SceneDelegate.swift */,
				8D72D03B26081DCA0069BAE0 /* Assets.xcassets */,
				8D72D04026081DCA0069BAE0 /* Info.plist */,
			);
			path = Astronaut;
			sourceTree = "<group>";
		};
		8D72D04826081DCB0069BAE0 /* AstronautTests */ = {
			isa = PBXGroup;
			children = (
				8D72D04926081DCB0069BAE0 /* AstronautTests.swift */,
				8D72D04B26081DCB0069BAE0 /* Info.plist */,
			);
			path = AstronautTests;
			sourceTree = "<group>";
		};
		8D72D05326081DCB0069BAE0 /* AstronautUITests */ = {
			isa = PBXGroup;
			children = (
				8D72D05426081DCB0069BAE0 /* AstronautUITests.swift */,
				8D72D05626081DCB0069BAE0 /* Info.plist */,
			);
			path = AstronautUITests;
			sourceTree = "<group>";
		};
		8D72D08C2608A94F0069BAE0 /* Helpers */ = {
			isa = PBXGroup;
			children = (
				8D72D0852608A90A0069BAE0 /* Strings.swift */,
				8D72D0972608A96B0069BAE0 /* ActivityIndicators.swift */,
				8D6F92AF2609F14500393935 /* CustomErrors.swift */,
			);
			path = Helpers;
			sourceTree = "<group>";
		};
		8D72D0A22608A9EE0069BAE0 /* Supporting Classes */ = {
			isa = PBXGroup;
			children = (
				8D72D0A32608AA050069BAE0 /* APIService.swift */,
			);
			path = "Supporting Classes";
			sourceTree = "<group>";
		};
		8D72D0A82608AB610069BAE0 /* Objects */ = {
			isa = PBXGroup;
			children = (
				8D72D0A92608AB720069BAE0 /* Astronaut.swift */,
			);
			path = Objects;
			sourceTree = "<group>";
		};
/* End PBXGroup section */

/* Begin PBXNativeTarget section */
		8D72D02E26081DC70069BAE0 /* Astronaut */ = {
			isa = PBXNativeTarget;
			buildConfigurationList = 8D72D05926081DCB0069BAE0 /* Build configuration list for PBXNativeTarget "Astronaut" */;
			buildPhases = (
				8D72D02B26081DC70069BAE0 /* Sources */,
				8D72D02C26081DC70069BAE0 /* Frameworks */,
				8D72D02D26081DC70069BAE0 /* Resources */,
			);
			buildRules = (
			);
			dependencies = (
			);
			name = Astronaut;
			productName = Astronaut;
			productReference = 8D72D02F26081DC70069BAE0 /* Astronaut.app */;
			productType = "com.apple.product-type.application";
		};
		8D72D04426081DCB0069BAE0 /* AstronautTests */ = {
			isa = PBXNativeTarget;
			buildConfigurationList = 8D72D05C26081DCB0069BAE0 /* Build configuration list for PBXNativeTarget "AstronautTests" */;
			buildPhases = (
				8D72D04126081DCB0069BAE0 /* Sources */,
				8D72D04226081DCB0069BAE0 /* Frameworks */,
				8D72D04326081DCB0069BAE0 /* Resources */,
			);
			buildRules = (
			);
			dependencies = (
				8D72D04726081DCB0069BAE0 /* PBXTargetDependency */,
			);
			name = AstronautTests;
			productName = AstronautTests;
			productReference = 8D72D04526081DCB0069BAE0 /* AstronautTests.xctest */;
			productType = "com.apple.product-type.bundle.unit-test";
		};
		8D72D04F26081DCB0069BAE0 /* AstronautUITests */ = {
			isa = PBXNativeTarget;
			buildConfigurationList = 8D72D05F26081DCB0069BAE0 /* Build configuration list for PBXNativeTarget "AstronautUITests" */;
			buildPhases = (
				8D72D04C26081DCB0069BAE0 /* Sources */,
				8D72D04D26081DCB0069BAE0 /* Frameworks */,
				8D72D04E26081DCB0069BAE0 /* Resources */,
			);
			buildRules = (
			);
			dependencies = (
				8D72D05226081DCB0069BAE0 /* PBXTargetDependency */,
			);
			name = AstronautUITests;
			productName = AstronautUITests;
			productReference = 8D72D05026081DCB0069BAE0 /* AstronautUITests.xctest */;
			productType = "com.apple.product-type.bundle.ui-testing";
		};
/* End PBXNativeTarget section */

/* Begin PBXProject section */
		8D72D02726081DC70069BAE0 /* Project object */ = {
			isa = PBXProject;
			attributes = {
				LastSwiftUpdateCheck = 1240;
				LastUpgradeCheck = 1240;
				TargetAttributes = {
					8D72D02E26081DC70069BAE0 = {
						CreatedOnToolsVersion = 12.4;
					};
					8D72D04426081DCB0069BAE0 = {
						CreatedOnToolsVersion = 12.4;
						TestTargetID = 8D72D02E26081DC70069BAE0;
					};
					8D72D04F26081DCB0069BAE0 = {
						CreatedOnToolsVersion = 12.4;
						TestTargetID = 8D72D02E26081DC70069BAE0;
					};
				};
			};
			buildConfigurationList = 8D72D02A26081DC70069BAE0 /* Build configuration list for PBXProject "Astronaut" */;
			compatibilityVersion = "Xcode 9.3";
			developmentRegion = en;
			hasScannedForEncodings = 0;
			knownRegions = (
				en,
				Base,
			);
			mainGroup = 8D72D02626081DC70069BAE0;
			productRefGroup = 8D72D03026081DC70069BAE0 /* Products */;
			projectDirPath = "";
			projectRoot = "";
			targets = (
				8D72D02E26081DC70069BAE0 /* Astronaut */,
				8D72D04426081DCB0069BAE0 /* AstronautTests */,
				8D72D04F26081DCB0069BAE0 /* AstronautUITests */,
			);
		};
/* End PBXProject section */

/* Begin PBXResourcesBuildPhase section */
		8D72D02D26081DC70069BAE0 /* Resources */ = {
			isa = PBXResourcesBuildPhase;
			buildActionMask = 2147483647;
			files = (
				8D72D03F26081DCA0069BAE0 /* LaunchScreen.storyboard in Resources */,
				8D72D06626081F9F0069BAE0 /* HomeScreens.storyboard in Resources */,
				8D72D03C26081DCA0069BAE0 /* Assets.xcassets in Resources */,
			);
			runOnlyForDeploymentPostprocessing = 0;
		};
		8D72D04326081DCB0069BAE0 /* Resources */ = {
			isa = PBXResourcesBuildPhase;
			buildActionMask = 2147483647;
			files = (
			);
			runOnlyForDeploymentPostprocessing = 0;
		};
		8D72D04E26081DCB0069BAE0 /* Resources */ = {
			isa = PBXResourcesBuildPhase;
			buildActionMask = 2147483647;
			files = (
			);
			runOnlyForDeploymentPostprocessing = 0;
		};
/* End PBXResourcesBuildPhase section */

/* Begin PBXSourcesBuildPhase section */
		8D72D02B26081DC70069BAE0 /* Sources */ = {
			isa = PBXSourcesBuildPhase;
			buildActionMask = 2147483647;
			files = (
				8D72D07B2608A5E10069BAE0 /* AstronautTableViewCell.swift in Sources */,
				8D6F92B02609F14500393935 /* CustomErrors.swift in Sources */,
				8D72D0712608A4B40069BAE0 /* AstronaustsListTableViewController.swift in Sources */,
				8D72D0872608A90A0069BAE0 /* Strings.swift in Sources */,
				8D72D0802608A87B0069BAE0 /* AstronautViewModel.swift in Sources */,
				8D72D0982608A96B0069BAE0 /* ActivityIndicators.swift in Sources */,
				8D6F92932609C52B00393935 /* AstronautDetailViewModel.swift in Sources */,
				8D72D0762608A5360069BAE0 /* AstronautDetailViewController.swift in Sources */,
				8D72D03326081DC70069BAE0 /* AppDelegate.swift in Sources */,
				8D72D0AA2608AB720069BAE0 /* Astronaut.swift in Sources */,
				8D72D0A42608AA050069BAE0 /* APIService.swift in Sources */,
				8D72D03526081DC70069BAE0 /* SceneDelegate.swift in Sources */,
			);
			runOnlyForDeploymentPostprocessing = 0;
		};
		8D72D04126081DCB0069BAE0 /* Sources */ = {
			isa = PBXSourcesBuildPhase;
			buildActionMask = 2147483647;
			files = (
				8D72D04A26081DCB0069BAE0 /* AstronautTests.swift in Sources */,
			);
			runOnlyForDeploymentPostprocessing = 0;
		};
		8D72D04C26081DCB0069BAE0 /* Sources */ = {
			isa = PBXSourcesBuildPhase;
			buildActionMask = 2147483647;
			files = (
				8D72D05526081DCB0069BAE0 /* AstronautUITests.swift in Sources */,
			);
			runOnlyForDeploymentPostprocessing = 0;
		};
/* End PBXSourcesBuildPhase section */

/* Begin PBXTargetDependency section */
		8D72D04726081DCB0069BAE0 /* PBXTargetDependency */ = {
			isa = PBXTargetDependency;
			target = 8D72D02E26081DC70069BAE0 /* Astronaut */;
			targetProxy = 8D72D04626081DCB0069BAE0 /* PBXContainerItemProxy */;
		};
		8D72D05226081DCB0069BAE0 /* PBXTargetDependency */ = {
			isa = PBXTargetDependency;
			target = 8D72D02E26081DC70069BAE0 /* Astronaut */;
			targetProxy = 8D72D05126081DCB0069BAE0 /* PBXContainerItemProxy */;
		};
/* End PBXTargetDependency section */

/* Begin PBXVariantGroup section */
		8D72D03D26081DCA0069BAE0 /* LaunchScreen.storyboard */ = {
			isa = PBXVariantGroup;
			children = (
				8D72D03E26081DCA0069BAE0 /* Base */,
			);
			name = LaunchScreen.storyboard;
			sourceTree = "<group>";
		};
/* End PBXVariantGroup section */

/* Begin XCBuildConfiguration section */
		8D72D05726081DCB0069BAE0 /* Debug */ = {
			isa = XCBuildConfiguration;
			buildSettings = {
				ALWAYS_SEARCH_USER_PATHS = NO;
				CLANG_ANALYZER_NONNULL = YES;
				CLANG_ANALYZER_NUMBER_OBJECT_CONVERSION = YES_AGGRESSIVE;
				CLANG_CXX_LANGUAGE_STANDARD = "gnu++14";
				CLANG_CXX_LIBRARY = "libc++";
				CLANG_ENABLE_MODULES = YES;
				CLANG_ENABLE_OBJC_ARC = YES;
				CLANG_ENABLE_OBJC_WEAK = YES;
				CLANG_WARN_BLOCK_CAPTURE_AUTORELEASING = YES;
				CLANG_WARN_BOOL_CONVERSION = YES;
				CLANG_WARN_COMMA = YES;
				CLANG_WARN_CONSTANT_CONVERSION = YES;
				CLANG_WARN_DEPRECATED_OBJC_IMPLEMENTATIONS = YES;
				CLANG_WARN_DIRECT_OBJC_ISA_USAGE = YES_ERROR;
				CLANG_WARN_DOCUMENTATION_COMMENTS = YES;
				CLANG_WARN_EMPTY_BODY = YES;
				CLANG_WARN_ENUM_CONVERSION = YES;
				CLANG_WARN_INFINITE_RECURSION = YES;
				CLANG_WARN_INT_CONVERSION = YES;
				CLANG_WARN_NON_LITERAL_NULL_CONVERSION = YES;
				CLANG_WARN_OBJC_IMPLICIT_RETAIN_SELF = YES;
				CLANG_WARN_OBJC_LITERAL_CONVERSION = YES;
				CLANG_WARN_OBJC_ROOT_CLASS = YES_ERROR;
				CLANG_WARN_QUOTED_INCLUDE_IN_FRAMEWORK_HEADER = YES;
				CLANG_WARN_RANGE_LOOP_ANALYSIS = YES;
				CLANG_WARN_STRICT_PROTOTYPES = YES;
				CLANG_WARN_SUSPICIOUS_MOVE = YES;
				CLANG_WARN_UNGUARDED_AVAILABILITY = YES_AGGRESSIVE;
				CLANG_WARN_UNREACHABLE_CODE = YES;
				CLANG_WARN__DUPLICATE_METHOD_MATCH = YES;
				COPY_PHASE_STRIP = NO;
				DEBUG_INFORMATION_FORMAT = dwarf;
				ENABLE_STRICT_OBJC_MSGSEND = YES;
				ENABLE_TESTABILITY = YES;
				GCC_C_LANGUAGE_STANDARD = gnu11;
				GCC_DYNAMIC_NO_PIC = NO;
				GCC_NO_COMMON_BLOCKS = YES;
				GCC_OPTIMIZATION_LEVEL = 0;
				GCC_PREPROCESSOR_DEFINITIONS = (
					"DEBUG=1",
					"$(inherited)",
				);
				GCC_WARN_64_TO_32_BIT_CONVERSION = YES;
				GCC_WARN_ABOUT_RETURN_TYPE = YES_ERROR;
				GCC_WARN_UNDECLARED_SELECTOR = YES;
				GCC_WARN_UNINITIALIZED_AUTOS = YES_AGGRESSIVE;
				GCC_WARN_UNUSED_FUNCTION = YES;
				GCC_WARN_UNUSED_VARIABLE = YES;
				IPHONEOS_DEPLOYMENT_TARGET = 14.4;
				MTL_ENABLE_DEBUG_INFO = INCLUDE_SOURCE;
				MTL_FAST_MATH = YES;
				ONLY_ACTIVE_ARCH = YES;
				SDKROOT = iphoneos;
				SWIFT_ACTIVE_COMPILATION_CONDITIONS = DEBUG;
				SWIFT_OPTIMIZATION_LEVEL = "-Onone";
			};
			name = Debug;
		};
		8D72D05826081DCB0069BAE0 /* Release */ = {
			isa = XCBuildConfiguration;
			buildSettings = {
				ALWAYS_SEARCH_USER_PATHS = NO;
				CLANG_ANALYZER_NONNULL = YES;
				CLANG_ANALYZER_NUMBER_OBJECT_CONVERSION = YES_AGGRESSIVE;
				CLANG_CXX_LANGUAGE_STANDARD = "gnu++14";
				CLANG_CXX_LIBRARY = "libc++";
				CLANG_ENABLE_MODULES = YES;
				CLANG_ENABLE_OBJC_ARC = YES;
				CLANG_ENABLE_OBJC_WEAK = YES;
				CLANG_WARN_BLOCK_CAPTURE_AUTORELEASING = YES;
				CLANG_WARN_BOOL_CONVERSION = YES;
				CLANG_WARN_COMMA = YES;
				CLANG_WARN_CONSTANT_CONVERSION = YES;
				CLANG_WARN_DEPRECATED_OBJC_IMPLEMENTATIONS = YES;
				CLANG_WARN_DIRECT_OBJC_ISA_USAGE = YES_ERROR;
				CLANG_WARN_DOCUMENTATION_COMMENTS = YES;
				CLANG_WARN_EMPTY_BODY = YES;
				CLANG_WARN_ENUM_CONVERSION = YES;
				CLANG_WARN_INFINITE_RECURSION = YES;
				CLANG_WARN_INT_CONVERSION = YES;
				CLANG_WARN_NON_LITERAL_NULL_CONVERSION = YES;
				CLANG_WARN_OBJC_IMPLICIT_RETAIN_SELF = YES;
				CLANG_WARN_OBJC_LITERAL_CONVERSION = YES;
				CLANG_WARN_OBJC_ROOT_CLASS = YES_ERROR;
				CLANG_WARN_QUOTED_INCLUDE_IN_FRAMEWORK_HEADER = YES;
				CLANG_WARN_RANGE_LOOP_ANALYSIS = YES;
				CLANG_WARN_STRICT_PROTOTYPES = YES;
				CLANG_WARN_SUSPICIOUS_MOVE = YES;
				CLANG_WARN_UNGUARDED_AVAILABILITY = YES_AGGRESSIVE;
				CLANG_WARN_UNREACHABLE_CODE = YES;
				CLANG_WARN__DUPLICATE_METHOD_MATCH = YES;
				COPY_PHASE_STRIP = NO;
				DEBUG_INFORMATION_FORMAT = "dwarf-with-dsym";
				ENABLE_NS_ASSERTIONS = NO;
				ENABLE_STRICT_OBJC_MSGSEND = YES;
				GCC_C_LANGUAGE_STANDARD = gnu11;
				GCC_NO_COMMON_BLOCKS = YES;
				GCC_WARN_64_TO_32_BIT_CONVERSION = YES;
				GCC_WARN_ABOUT_RETURN_TYPE = YES_ERROR;
				GCC_WARN_UNDECLARED_SELECTOR = YES;
				GCC_WARN_UNINITIALIZED_AUTOS = YES_AGGRESSIVE;
				GCC_WARN_UNUSED_FUNCTION = YES;
				GCC_WARN_UNUSED_VARIABLE = YES;
				IPHONEOS_DEPLOYMENT_TARGET = 14.4;
				MTL_ENABLE_DEBUG_INFO = NO;
				MTL_FAST_MATH = YES;
				SDKROOT = iphoneos;
				SWIFT_COMPILATION_MODE = wholemodule;
				SWIFT_OPTIMIZATION_LEVEL = "-O";
				VALIDATE_PRODUCT = YES;
			};
			name = Release;
		};
		8D72D05A26081DCB0069BAE0 /* Debug */ = {
			isa = XCBuildConfiguration;
			buildSettings = {
				ASSETCATALOG_COMPILER_APPICON_NAME = AppIcon;
				ASSETCATALOG_COMPILER_GLOBAL_ACCENT_COLOR_NAME = AccentColor;
				CODE_SIGN_STYLE = Automatic;
				DEVELOPMENT_TEAM = 4XZ45QMCDW;
				INFOPLIST_FILE = Astronaut/Info.plist;
				LD_RUNPATH_SEARCH_PATHS = (
					"$(inherited)",
					"@executable_path/Frameworks",
				);
				PRODUCT_BUNDLE_IDENTIFIER = com.ankitha.Astronaut;
				PRODUCT_NAME = "$(TARGET_NAME)";
				SWIFT_VERSION = 5.0;
				TARGETED_DEVICE_FAMILY = "1,2";
			};
			name = Debug;
		};
		8D72D05B26081DCB0069BAE0 /* Release */ = {
			isa = XCBuildConfiguration;
			buildSettings = {
				ASSETCATALOG_COMPILER_APPICON_NAME = AppIcon;
				ASSETCATALOG_COMPILER_GLOBAL_ACCENT_COLOR_NAME = AccentColor;
				CODE_SIGN_STYLE = Automatic;
				DEVELOPMENT_TEAM = 4XZ45QMCDW;
				INFOPLIST_FILE = Astronaut/Info.plist;
				LD_RUNPATH_SEARCH_PATHS = (
					"$(inherited)",
					"@executable_path/Frameworks",
				);
				PRODUCT_BUNDLE_IDENTIFIER = com.ankitha.Astronaut;
				PRODUCT_NAME = "$(TARGET_NAME)";
				SWIFT_VERSION = 5.0;
				TARGETED_DEVICE_FAMILY = "1,2";
			};
			name = Release;
		};
		8D72D05D26081DCB0069BAE0 /* Debug */ = {
			isa = XCBuildConfiguration;
			buildSettings = {
				ALWAYS_EMBED_SWIFT_STANDARD_LIBRARIES = YES;
				BUNDLE_LOADER = "$(TEST_HOST)";
				CODE_SIGN_STYLE = Automatic;
				DEVELOPMENT_TEAM = 4XZ45QMCDW;
				INFOPLIST_FILE = AstronautTests/Info.plist;
				IPHONEOS_DEPLOYMENT_TARGET = 14.4;
				LD_RUNPATH_SEARCH_PATHS = (
					"$(inherited)",
					"@executable_path/Frameworks",
					"@loader_path/Frameworks",
				);
				PRODUCT_BUNDLE_IDENTIFIER = com.ankitha.AstronautTests;
				PRODUCT_NAME = "$(TARGET_NAME)";
				SWIFT_VERSION = 5.0;
				TARGETED_DEVICE_FAMILY = "1,2";
				TEST_HOST = "$(BUILT_PRODUCTS_DIR)/Astronaut.app/Astronaut";
			};
			name = Debug;
		};
		8D72D05E26081DCB0069BAE0 /* Release */ = {
			isa = XCBuildConfiguration;
			buildSettings = {
				ALWAYS_EMBED_SWIFT_STANDARD_LIBRARIES = YES;
				BUNDLE_LOADER = "$(TEST_HOST)";
				CODE_SIGN_STYLE = Automatic;
				DEVELOPMENT_TEAM = 4XZ45QMCDW;
				INFOPLIST_FILE = AstronautTests/Info.plist;
				IPHONEOS_DEPLOYMENT_TARGET = 14.4;
				LD_RUNPATH_SEARCH_PATHS = (
					"$(inherited)",
					"@executable_path/Frameworks",
					"@loader_path/Frameworks",
				);
				PRODUCT_BUNDLE_IDENTIFIER = com.ankitha.AstronautTests;
				PRODUCT_NAME = "$(TARGET_NAME)";
				SWIFT_VERSION = 5.0;
				TARGETED_DEVICE_FAMILY = "1,2";
				TEST_HOST = "$(BUILT_PRODUCTS_DIR)/Astronaut.app/Astronaut";
			};
			name = Release;
		};
		8D72D06026081DCB0069BAE0 /* Debug */ = {
			isa = XCBuildConfiguration;
			buildSettings = {
				ALWAYS_EMBED_SWIFT_STANDARD_LIBRARIES = YES;
				CODE_SIGN_STYLE = Automatic;
				DEVELOPMENT_TEAM = 4XZ45QMCDW;
				INFOPLIST_FILE = AstronautUITests/Info.plist;
				LD_RUNPATH_SEARCH_PATHS = (
					"$(inherited)",
					"@executable_path/Frameworks",
					"@loader_path/Frameworks",
				);
				PRODUCT_BUNDLE_IDENTIFIER = com.ankitha.AstronautUITests;
				PRODUCT_NAME = "$(TARGET_NAME)";
				SWIFT_VERSION = 5.0;
				TARGETED_DEVICE_FAMILY = "1,2";
				TEST_TARGET_NAME = Astronaut;
			};
			name = Debug;
		};
		8D72D06126081DCB0069BAE0 /* Release */ = {
			isa = XCBuildConfiguration;
			buildSettings = {
				ALWAYS_EMBED_SWIFT_STANDARD_LIBRARIES = YES;
				CODE_SIGN_STYLE = Automatic;
				DEVELOPMENT_TEAM = 4XZ45QMCDW;
				INFOPLIST_FILE = AstronautUITests/Info.plist;
				LD_RUNPATH_SEARCH_PATHS = (
					"$(inherited)",
					"@executable_path/Frameworks",
					"@loader_path/Frameworks",
				);
				PRODUCT_BUNDLE_IDENTIFIER = com.ankitha.AstronautUITests;
				PRODUCT_NAME = "$(TARGET_NAME)";
				SWIFT_VERSION = 5.0;
				TARGETED_DEVICE_FAMILY = "1,2";
				TEST_TARGET_NAME = Astronaut;
			};
			name = Release;
		};
/* End XCBuildConfiguration section */

/* Begin XCConfigurationList section */
		8D72D02A26081DC70069BAE0 /* Build configuration list for PBXProject "Astronaut" */ = {
			isa = XCConfigurationList;
			buildConfigurations = (
				8D72D05726081DCB0069BAE0 /* Debug */,
				8D72D05826081DCB0069BAE0 /* Release */,
			);
			defaultConfigurationIsVisible = 0;
			defaultConfigurationName = Release;
		};
		8D72D05926081DCB0069BAE0 /* Build configuration list for PBXNativeTarget "Astronaut" */ = {
			isa = XCConfigurationList;
			buildConfigurations = (
				8D72D05A26081DCB0069BAE0 /* Debug */,
				8D72D05B26081DCB0069BAE0 /* Release */,
			);
			defaultConfigurationIsVisible = 0;
			defaultConfigurationName = Release;
		};
		8D72D05C26081DCB0069BAE0 /* Build configuration list for PBXNativeTarget "AstronautTests" */ = {
			isa = XCConfigurationList;
			buildConfigurations = (
				8D72D05D26081DCB0069BAE0 /* Debug */,
				8D72D05E26081DCB0069BAE0 /* Release */,
			);
			defaultConfigurationIsVisible = 0;
			defaultConfigurationName = Release;
		};
		8D72D05F26081DCB0069BAE0 /* Build configuration list for PBXNativeTarget "AstronautUITests" */ = {
			isa = XCConfigurationList;
			buildConfigurations = (
				8D72D06026081DCB0069BAE0 /* Debug */,
				8D72D06126081DCB0069BAE0 /* Release */,
			);
			defaultConfigurationIsVisible = 0;
			defaultConfigurationName = Release;
		};
/* End XCConfigurationList section */
	};
	rootObject = 8D72D02726081DC70069BAE0 /* Project object */;
}
